
Microsoft Visual Studio Solution File, Format Version 12.00
# Visual Studio Version 17
VisualStudioVersion = 17.1.32228.430
MinimumVisualStudioVersion = 10.0.40219.1
Project("{FAE04EC0-301F-11D3-BF4B-00C04F79EFBC}") = "prjNUMERORM_EquacaoSegundoGrau", "prj37461_EquacaoSegundoGrau\prjNUMERORM_EquacaoSegundoGrau.csproj", "{8104AB4C-FBD7-4624-9EB6-B5EAC88A239A}"
EndProject
Global
	GlobalSection(SolutionConfigurationPlatforms) = preSolution
		Debug|Any CPU = Debug|Any CPU
		Release|Any CPU = Release|Any CPU
	EndGlobalSection
	GlobalSection(ProjectConfigurationPlatforms) = postSolution
		{8104AB4C-FBD7-4624-9EB6-B5EAC88A239A}.Debug|Any CPU.ActiveCfg = Debug|Any CPU
		{8104AB4C-FBD7-4624-9EB6-B5EAC88A239A}.Debug|Any CPU.Build.0 = Debug|Any CPU
		{8104AB4C-FBD7-4624-9EB6-B5EAC88A239A}.Release|Any CPU.ActiveCfg = Release|Any CPU
		{8104AB4C-FBD7-4624-9EB6-B5EAC88A239A}.Release|Any CPU.Build.0 = Release|Any CPU
	EndGlobalSection
	GlobalSection(SolutionProperties) = preSolution
		HideSolutionNode = FALSE
	EndGlobalSection
	GlobalSection(ExtensibilityGlobals) = postSolution
		SolutionGuid = {65CFC0EC-86AC-4F0D-978D-C1E2B15DE095}
	EndGlobalSection
EndGlobal
