
Microsoft Visual Studio Solution File, Format Version 12.00
# Visual Studio Version 17
VisualStudioVersion = 17.2.32616.157
MinimumVisualStudioVersion = 10.0.40219.1
Project("{FAE04EC0-301F-11D3-BF4B-00C04F79EFBC}") = "frm37461_lista03_ex01", "frm37461_lista03_ex01\frm37461_lista03_ex01.csproj", "{B475B14C-4106-4BD6-B784-215F608630F5}"
EndProject
Global
	GlobalSection(SolutionConfigurationPlatforms) = preSolution
		Debug|Any CPU = Debug|Any CPU
		Release|Any CPU = Release|Any CPU
	EndGlobalSection
	GlobalSection(ProjectConfigurationPlatforms) = postSolution
		{B475B14C-4106-4BD6-B784-215F608630F5}.Debug|Any CPU.ActiveCfg = Debug|Any CPU
		{B475B14C-4106-4BD6-B784-215F608630F5}.Debug|Any CPU.Build.0 = Debug|Any CPU
		{B475B14C-4106-4BD6-B784-215F608630F5}.Release|Any CPU.ActiveCfg = Release|Any CPU
		{B475B14C-4106-4BD6-B784-215F608630F5}.Release|Any CPU.Build.0 = Release|Any CPU
	EndGlobalSection
	GlobalSection(SolutionProperties) = preSolution
		HideSolutionNode = FALSE
	EndGlobalSection
	GlobalSection(ExtensibilityGlobals) = postSolution
		SolutionGuid = {1A680464-C023-484F-9252-366592BCCBAA}
	EndGlobalSection
EndGlobal
