
Microsoft Visual Studio Solution File, Format Version 12.00
# Visual Studio Version 17
VisualStudioVersion = 17.2.32616.157
MinimumVisualStudioVersion = 10.0.40219.1
Project("{FAE04EC0-301F-11D3-BF4B-00C04F79EFBC}") = "prj37461_triangulo_ex01", "prj37461_triangulo_ex01\prj37461_triangulo_ex01.csproj", "{9FC3A2C1-AFCF-4AC1-8E49-88753B966657}"
EndProject
Global
	GlobalSection(SolutionConfigurationPlatforms) = preSolution
		Debug|Any CPU = Debug|Any CPU
		Release|Any CPU = Release|Any CPU
	EndGlobalSection
	GlobalSection(ProjectConfigurationPlatforms) = postSolution
		{9FC3A2C1-AFCF-4AC1-8E49-88753B966657}.Debug|Any CPU.ActiveCfg = Debug|Any CPU
		{9FC3A2C1-AFCF-4AC1-8E49-88753B966657}.Debug|Any CPU.Build.0 = Debug|Any CPU
		{9FC3A2C1-AFCF-4AC1-8E49-88753B966657}.Release|Any CPU.ActiveCfg = Release|Any CPU
		{9FC3A2C1-AFCF-4AC1-8E49-88753B966657}.Release|Any CPU.Build.0 = Release|Any CPU
	EndGlobalSection
	GlobalSection(SolutionProperties) = preSolution
		HideSolutionNode = FALSE
	EndGlobalSection
	GlobalSection(ExtensibilityGlobals) = postSolution
		SolutionGuid = {A7917F8B-635B-4E46-A6E4-F1056BADDAEE}
	EndGlobalSection
EndGlobal
